// !$*UTF8*$!
{
	archiveVersion = 1;
	classes = {
	};
	objectVersion = 46;
	objects = {

/* Begin PBXBuildFile section */
		17FD9301191F25DC00069367 /* Foundation.framework in Frameworks */ = {isa = PBXBuildFile; fileRef = 17FD9300191F25DC00069367 /* Foundation.framework */; };
		17FD9303191F25DC00069367 /* CoreGraphics.framework in Frameworks */ = {isa = PBXBuildFile; fileRef = 17FD9302191F25DC00069367 /* CoreGraphics.framework */; };
		17FD9305191F25DC00069367 /* UIKit.framework in Frameworks */ = {isa = PBXBuildFile; fileRef = 17FD9304191F25DC00069367 /* UIKit.framework */; };
		17FD930B191F25DC00069367 /* InfoPlist.strings in Resources */ = {isa = PBXBuildFile; fileRef = 17FD9309191F25DC00069367 /* InfoPlist.strings */; };
		17FD930D191F25DD00069367 /* main.m in Sources */ = {isa = PBXBuildFile; fileRef = 17FD930C191F25DD00069367 /* main.m */; };
		17FD9311191F25DD00069367 /* CCAppDelegate.m in Sources */ = {isa = PBXBuildFile; fileRef = 17FD9310191F25DD00069367 /* CCAppDelegate.m */; };
		17FD9314191F25DD00069367 /* Main.storyboard in Resources */ = {isa = PBXBuildFile; fileRef = 17FD9312191F25DD00069367 /* Main.storyboard */; };
		17FD9319191F25DD00069367 /* Images.xcassets in Resources */ = {isa = PBXBuildFile; fileRef = 17FD9318191F25DD00069367 /* Images.xcassets */; };
		17FD9320191F25DD00069367 /* XCTest.framework in Frameworks */ = {isa = PBXBuildFile; fileRef = 17FD931F191F25DD00069367 /* XCTest.framework */; };
		17FD9321191F25DD00069367 /* Foundation.framework in Frameworks */ = {isa = PBXBuildFile; fileRef = 17FD9300191F25DC00069367 /* Foundation.framework */; };
		17FD9322191F25DD00069367 /* UIKit.framework in Frameworks */ = {isa = PBXBuildFile; fileRef = 17FD9304191F25DC00069367 /* UIKit.framework */; };
		17FD932A191F25DD00069367 /* InfoPlist.strings in Resources */ = {isa = PBXBuildFile; fileRef = 17FD9328191F25DD00069367 /* InfoPlist.strings */; };
		17FD932C191F25DD00069367 /* UITableViewController_Challenge_SolutionTests.m in Sources */ = {isa = PBXBuildFile; fileRef = 17FD932B191F25DD00069367 /* UITableViewController_Challenge_SolutionTests.m */; };
		17FD9337191F27E400069367 /* CCTableViewController.m in Sources */ = {isa = PBXBuildFile; fileRef = 17FD9336191F27E400069367 /* CCTableViewController.m */; };
/* End PBXBuildFile section */

/* Begin PBXContainerItemProxy section */
		17FD9323191F25DD00069367 /* PBXContainerItemProxy */ = {
			isa = PBXContainerItemProxy;
			containerPortal = 17FD92F5191F25DC00069367 /* Project object */;
			proxyType = 1;
			remoteGlobalIDString = 17FD92FC191F25DC00069367;
			remoteInfo = "UITableViewController Challenge Solution";
		};
/* End PBXContainerItemProxy section */

/* Begin PBXFileReference section */
		17FD92FD191F25DC00069367 /* UITableViewController Challenge Solution.app */ = {isa = PBXFileReference; explicitFileType = wrapper.application; includeInIndex = 0; path = "UITableViewController Challenge Solution.app"; sourceTree = BUILT_PRODUCTS_DIR; };
		17FD9300191F25DC00069367 /* Foundation.framework */ = {isa = PBXFileReference; lastKnownFileType = wrapper.framework; name = Foundation.framework; path = System/Library/Frameworks/Foundation.framework; sourceTree = SDKROOT; };
		17FD9302191F25DC00069367 /* CoreGraphics.framework */ = {isa = PBXFileReference; lastKnownFileType = wrapper.framework; name = CoreGraphics.framework; path = System/Library/Frameworks/CoreGraphics.framework; sourceTree = SDKROOT; };
		17FD9304191F25DC00069367 /* UIKit.framework */ = {isa = PBXFileReference; lastKnownFileType = wrapper.framework; name = UIKit.framework; path = System/Library/Frameworks/UIKit.framework; sourceTree = SDKROOT; };
		17FD9308191F25DC00069367 /* UITableViewController Challenge Solution-Info.plist */ = {isa = PBXFileReference; lastKnownFileType = text.plist.xml; path = "UITableViewController Challenge Solution-Info.plist"; sourceTree = "<group>"; };
		17FD930A191F25DC00069367 /* en */ = {isa = PBXFileReference; lastKnownFileType = text.plist.strings; name = en; path = en.lproj/InfoPlist.strings; sourceTree = "<group>"; };
		17FD930C191F25DD00069367 /* main.m */ = {isa = PBXFileReference; lastKnownFileType = sourcecode.c.objc; path = main.m; sourceTree = "<group>"; };
		17FD930E191F25DD00069367 /* UITableViewController Challenge Solution-Prefix.pch */ = {isa = PBXFileReference; lastKnownFileType = sourcecode.c.h; path = "UITableViewController Challenge Solution-Prefix.pch"; sourceTree = "<group>"; };
		17FD930F191F25DD00069367 /* CCAppDelegate.h */ = {isa = PBXFileReference; lastKnownFileType = sourcecode.c.h; path = CCAppDelegate.h; sourceTree = "<group>"; };
		17FD9310191F25DD00069367 /* CCAppDelegate.m */ = {isa = PBXFileReference; lastKnownFileType = sourcecode.c.objc; path = CCAppDelegate.m; sourceTree = "<group>"; };
		17FD9313191F25DD00069367 /* Base */ = {isa = PBXFileReference; lastKnownFileType = file.storyboard; name = Base; path = Base.lproj/Main.storyboard; sourceTree = "<group>"; };
		17FD9318191F25DD00069367 /* Images.xcassets */ = {isa = PBXFileReference; lastKnownFileType = folder.assetcatalog; path = Images.xcassets; sourceTree = "<group>"; };
		17FD931E191F25DD00069367 /* UITableViewController Challenge SolutionTests.xctest */ = {isa = PBXFileReference; explicitFileType = wrapper.cfbundle; includeInIndex = 0; path = "UITableViewController Challenge SolutionTests.xctest"; sourceTree = BUILT_PRODUCTS_DIR; };
		17FD931F191F25DD00069367 /* XCTest.framework */ = {isa = PBXFileReference; lastKnownFileType = wrapper.framework; name = XCTest.framework; path = Library/Frameworks/XCTest.framework; sourceTree = DEVELOPER_DIR; };
		17FD9327191F25DD00069367 /* UITableViewController Challenge SolutionTests-Info.plist */ = {isa = PBXFileReference; lastKnownFileType = text.plist.xml; path = "UITableViewController Challenge SolutionTests-Info.plist"; sourceTree = "<group>"; };
		17FD9329191F25DD00069367 /* en */ = {isa = PBXFileReference; lastKnownFileType = text.plist.strings; name = en; path = en.lproj/InfoPlist.strings; sourceTree = "<group>"; };
		17FD932B191F25DD00069367 /* UITableViewController_Challenge_SolutionTests.m */ = {isa = PBXFileReference; lastKnownFileType = sourcecode.c.objc; path = UITableViewController_Challenge_SolutionTests.m; sourceTree = "<group>"; };
		17FD9335191F27E400069367 /* CCTableViewController.h */ = {isa = PBXFileReference; fileEncoding = 4; lastKnownFileType = sourcecode.c.h; path = CCTableViewController.h; sourceTree = "<group>"; };
		17FD9336191F27E400069367 /* CCTableViewController.m */ = {isa = PBXFileReference; fileEncoding = 4; lastKnownFileType = sourcecode.c.objc; path = CCTableViewController.m; sourceTree = "<group>"; };
/* End PBXFileReference section */

/* Begin PBXFrameworksBuildPhase section */
		17FD92FA191F25DC00069367 /* Frameworks */ = {
			isa = PBXFrameworksBuildPhase;
			buildActionMask = 2147483647;
			files = (
				17FD9303191F25DC00069367 /* CoreGraphics.framework in Frameworks */,
				17FD9305191F25DC00069367 /* UIKit.framework in Frameworks */,
				17FD9301191F25DC00069367 /* Foundation.framework in Frameworks */,
			);
			runOnlyForDeploymentPostprocessing = 0;
		};
		17FD931B191F25DD00069367 /* Frameworks */ = {
			isa = PBXFrameworksBuildPhase;
			buildActionMask = 2147483647;
			files = (
				17FD9320191F25DD00069367 /* XCTest.framework in Frameworks */,
				17FD9322191F25DD00069367 /* UIKit.framework in Frameworks */,
				17FD9321191F25DD00069367 /* Foundation.framework in Frameworks */,
			);
			runOnlyForDeploymentPostprocessing = 0;
		};
/* End PBXFrameworksBuildPhase section */

/* Begin PBXGroup section */
		17FD92F4191F25DC00069367 = {
			isa = PBXGroup;
			children = (
				17FD9306191F25DC00069367 /* UITableViewController Challenge Solution */,
				17FD9325191F25DD00069367 /* UITableViewController Challenge SolutionTests */,
				17FD92FF191F25DC00069367 /* Frameworks */,
				17FD92FE191F25DC00069367 /* Products */,
			);
			sourceTree = "<group>";
		};
		17FD92FE191F25DC00069367 /* Products */ = {
			isa = PBXGroup;
			children = (
				17FD92FD191F25DC00069367 /* UITableViewController Challenge Solution.app */,
				17FD931E191F25DD00069367 /* UITableViewController Challenge SolutionTests.xctest */,
			);
			name = Products;
			sourceTree = "<group>";
		};
		17FD92FF191F25DC00069367 /* Frameworks */ = {
			isa = PBXGroup;
			children = (
				17FD9300191F25DC00069367 /* Foundation.framework */,
				17FD9302191F25DC00069367 /* CoreGraphics.framework */,
				17FD9304191F25DC00069367 /* UIKit.framework */,
				17FD931F191F25DD00069367 /* XCTest.framework */,
			);
			name = Frameworks;
			sourceTree = "<group>";
		};
		17FD9306191F25DC00069367 /* UITableViewController Challenge Solution */ = {
			isa = PBXGroup;
			children = (
				17FD930F191F25DD00069367 /* CCAppDelegate.h */,
				17FD9310191F25DD00069367 /* CCAppDelegate.m */,
				17FD9312191F25DD00069367 /* Main.storyboard */,
				17FD9335191F27E400069367 /* CCTableViewController.h */,
				17FD9336191F27E400069367 /* CCTableViewController.m */,
				17FD9318191F25DD00069367 /* Images.xcassets */,
				17FD9307191F25DC00069367 /* Supporting Files */,
			);
			path = "UITableViewController Challenge Solution";
			sourceTree = "<group>";
		};
		17FD9307191F25DC00069367 /* Supporting Files */ = {
			isa = PBXGroup;
			children = (
				17FD9308191F25DC00069367 /* UITableViewController Challenge Solution-Info.plist */,
				17FD9309191F25DC00069367 /* InfoPlist.strings */,
				17FD930C191F25DD00069367 /* main.m */,
				17FD930E191F25DD00069367 /* UITableViewController Challenge Solution-Prefix.pch */,
			);
			name = "Supporting Files";
			sourceTree = "<group>";
		};
		17FD9325191F25DD00069367 /* UITableViewController Challenge SolutionTests */ = {
			isa = PBXGroup;
			children = (
				17FD932B191F25DD00069367 /* UITableViewController_Challenge_SolutionTests.m */,
				17FD9326191F25DD00069367 /* Supporting Files */,
			);
			path = "UITableViewController Challenge SolutionTests";
			sourceTree = "<group>";
		};
		17FD9326191F25DD00069367 /* Supporting Files */ = {
			isa = PBXGroup;
			children = (
				17FD9327191F25DD00069367 /* UITableViewController Challenge SolutionTests-Info.plist */,
				17FD9328191F25DD00069367 /* InfoPlist.strings */,
			);
			name = "Supporting Files";
			sourceTree = "<group>";
		};
/* End PBXGroup section */

/* Begin PBXNativeTarget section */
		17FD92FC191F25DC00069367 /* UITableViewController Challenge Solution */ = {
			isa = PBXNativeTarget;
			buildConfigurationList = 17FD932F191F25DD00069367 /* Build configuration list for PBXNativeTarget "UITableViewController Challenge Solution" */;
			buildPhases = (
				17FD92F9191F25DC00069367 /* Sources */,
				17FD92FA191F25DC00069367 /* Frameworks */,
				17FD92FB191F25DC00069367 /* Resources */,
			);
			buildRules = (
			);
			dependencies = (
			);
			name = "UITableViewController Challenge Solution";
			productName = "UITableViewController Challenge Solution";
			productReference = 17FD92FD191F25DC00069367 /* UITableViewController Challenge Solution.app */;
			productType = "com.apple.product-type.application";
		};
		17FD931D191F25DD00069367 /* UITableViewController Challenge SolutionTests */ = {
			isa = PBXNativeTarget;
			buildConfigurationList = 17FD9332191F25DD00069367 /* Build configuration list for PBXNativeTarget "UITableViewController Challenge SolutionTests" */;
			buildPhases = (
				17FD931A191F25DD00069367 /* Sources */,
				17FD931B191F25DD00069367 /* Frameworks */,
				17FD931C191F25DD00069367 /* Resources */,
			);
			buildRules = (
			);
			dependencies = (
				17FD9324191F25DD00069367 /* PBXTargetDependency */,
			);
			name = "UITableViewController Challenge SolutionTests";
			productName = "UITableViewController Challenge SolutionTests";
			productReference = 17FD931E191F25DD00069367 /* UITableViewController Challenge SolutionTests.xctest */;
			productType = "com.apple.product-type.bundle.unit-test";
		};
/* End PBXNativeTarget section */

/* Begin PBXProject section */
		17FD92F5191F25DC00069367 /* Project object */ = {
			isa = PBXProject;
			attributes = {
				CLASSPREFIX = CC;
				LastUpgradeCheck = 0510;
				ORGANIZATIONNAME = UU;
				TargetAttributes = {
					17FD931D191F25DD00069367 = {
						TestTargetID = 17FD92FC191F25DC00069367;
					};
				};
			};
			buildConfigurationList = 17FD92F8191F25DC00069367 /* Build configuration list for PBXProject "UITableViewController Challenge Solution" */;
			compatibilityVersion = "Xcode 3.2";
			developmentRegion = English;
			hasScannedForEncodings = 0;
			knownRegions = (
				en,
				Base,
			);
			mainGroup = 17FD92F4191F25DC00069367;
			productRefGroup = 17FD92FE191F25DC00069367 /* Products */;
			projectDirPath = "";
			projectRoot = "";
			targets = (
				17FD92FC191F25DC00069367 /* UITableViewController Challenge Solution */,
				17FD931D191F25DD00069367 /* UITableViewController Challenge SolutionTests */,
			);
		};
/* End PBXProject section */

/* Begin PBXResourcesBuildPhase section */
		17FD92FB191F25DC00069367 /* Resources */ = {
			isa = PBXResourcesBuildPhase;
			buildActionMask = 2147483647;
			files = (
				17FD9319191F25DD00069367 /* Images.xcassets in Resources */,
				17FD930B191F25DC00069367 /* InfoPlist.strings in Resources */,
				17FD9314191F25DD00069367 /* Main.storyboard in Resources */,
			);
			runOnlyForDeploymentPostprocessing = 0;
		};
		17FD931C191F25DD00069367 /* Resources */ = {
			isa = PBXResourcesBuildPhase;
			buildActionMask = 2147483647;
			files = (
				17FD932A191F25DD00069367 /* InfoPlist.strings in Resources */,
			);
			runOnlyForDeploymentPostprocessing = 0;
		};
/* End PBXResourcesBuildPhase section */

/* Begin PBXSourcesBuildPhase section */
		17FD92F9191F25DC00069367 /* Sources */ = {
			isa = PBXSourcesBuildPhase;
			buildActionMask = 2147483647;
			files = (
				17FD9311191F25DD00069367 /* CCAppDelegate.m in Sources */,
				17FD930D191F25DD00069367 /* main.m in Sources */,
				17FD9337191F27E400069367 /* CCTableViewController.m in Sources */,
			);
			runOnlyForDeploymentPostprocessing = 0;
		};
		17FD931A191F25DD00069367 /* Sources */ = {
			isa = PBXSourcesBuildPhase;
			buildActionMask = 2147483647;
			files = (
				17FD932C191F25DD00069367 /* UITableViewController_Challenge_SolutionTests.m in Sources */,
			);
			runOnlyForDeploymentPostprocessing = 0;
		};
/* End PBXSourcesBuildPhase section */

/* Begin PBXTargetDependency section */
		17FD9324191F25DD00069367 /* PBXTargetDependency */ = {
			isa = PBXTargetDependency;
			target = 17FD92FC191F25DC00069367 /* UITableViewController Challenge Solution */;
			targetProxy = 17FD9323191F25DD00069367 /* PBXContainerItemProxy */;
		};
/* End PBXTargetDependency section */

/* Begin PBXVariantGroup section */
		17FD9309191F25DC00069367 /* InfoPlist.strings */ = {
			isa = PBXVariantGroup;
			children = (
				17FD930A191F25DC00069367 /* en */,
			);
			name = InfoPlist.strings;
			sourceTree = "<group>";
		};
		17FD9312191F25DD00069367 /* Main.storyboard */ = {
			isa = PBXVariantGroup;
			children = (
				17FD9313191F25DD00069367 /* Base */,
			);
			name = Main.storyboard;
			sourceTree = "<group>";
		};
		17FD9328191F25DD00069367 /* InfoPlist.strings */ = {
			isa = PBXVariantGroup;
			children = (
				17FD9329191F25DD00069367 /* en */,
			);
			name = InfoPlist.strings;
			sourceTree = "<group>";
		};
/* End PBXVariantGroup section */

/* Begin XCBuildConfiguration section */
		17FD932D191F25DD00069367 /* Debug */ = {
			isa = XCBuildConfiguration;
			buildSettings = {
				ALWAYS_SEARCH_USER_PATHS = NO;
				CLANG_CXX_LANGUAGE_STANDARD = "gnu++0x";
				CLANG_CXX_LIBRARY = "libc++";
				CLANG_ENABLE_MODULES = YES;
				CLANG_ENABLE_OBJC_ARC = YES;
				CLANG_WARN_BOOL_CONVERSION = YES;
				CLANG_WARN_CONSTANT_CONVERSION = YES;
				CLANG_WARN_DIRECT_OBJC_ISA_USAGE = YES_ERROR;
				CLANG_WARN_EMPTY_BODY = YES;
				CLANG_WARN_ENUM_CONVERSION = YES;
				CLANG_WARN_INT_CONVERSION = YES;
				CLANG_WARN_OBJC_ROOT_CLASS = YES_ERROR;
				CLANG_WARN__DUPLICATE_METHOD_MATCH = YES;
				"CODE_SIGN_IDENTITY[sdk=iphoneos*]" = "iPhone Developer";
				COPY_PHASE_STRIP = NO;
				GCC_C_LANGUAGE_STANDARD = gnu99;
				GCC_DYNAMIC_NO_PIC = NO;
				GCC_OPTIMIZATION_LEVEL = 0;
				GCC_PREPROCESSOR_DEFINITIONS = (
					"DEBUG=1",
					"$(inherited)",
				);
				GCC_SYMBOLS_PRIVATE_EXTERN = NO;
				GCC_WARN_64_TO_32_BIT_CONVERSION = YES;
				GCC_WARN_ABOUT_RETURN_TYPE = YES_ERROR;
				GCC_WARN_UNDECLARED_SELECTOR = YES;
				GCC_WARN_UNINITIALIZED_AUTOS = YES_AGGRESSIVE;
				GCC_WARN_UNUSED_FUNCTION = YES;
				GCC_WARN_UNUSED_VARIABLE = YES;
				IPHONEOS_DEPLOYMENT_TARGET = 7.1;
				ONLY_ACTIVE_ARCH = YES;
				SDKROOT = iphoneos;
			};
			name = Debug;
		};
		17FD932E191F25DD00069367 /* Release */ = {
			isa = XCBuildConfiguration;
			buildSettings = {
				ALWAYS_SEARCH_USER_PATHS = NO;
				CLANG_CXX_LANGUAGE_STANDARD = "gnu++0x";
				CLANG_CXX_LIBRARY = "libc++";
				CLANG_ENABLE_MODULES = YES;
				CLANG_ENABLE_OBJC_ARC = YES;
				CLANG_WARN_BOOL_CONVERSION = YES;
				CLANG_WARN_CONSTANT_CONVERSION = YES;
				CLANG_WARN_DIRECT_OBJC_ISA_USAGE = YES_ERROR;
				CLANG_WARN_EMPTY_BODY = YES;
				CLANG_WARN_ENUM_CONVERSION = YES;
				CLANG_WARN_INT_CONVERSION = YES;
				CLANG_WARN_OBJC_ROOT_CLASS = YES_ERROR;
				CLANG_WARN__DUPLICATE_METHOD_MATCH = YES;
				"CODE_SIGN_IDENTITY[sdk=iphoneos*]" = "iPhone Developer";
				COPY_PHASE_STRIP = YES;
				ENABLE_NS_ASSERTIONS = NO;
				GCC_C_LANGUAGE_STANDARD = gnu99;
				GCC_WARN_64_TO_32_BIT_CONVERSION = YES;
				GCC_WARN_ABOUT_RETURN_TYPE = YES_ERROR;
				GCC_WARN_UNDECLARED_SELECTOR = YES;
				GCC_WARN_UNINITIALIZED_AUTOS = YES_AGGRESSIVE;
				GCC_WARN_UNUSED_FUNCTION = YES;
				GCC_WARN_UNUSED_VARIABLE = YES;
				IPHONEOS_DEPLOYMENT_TARGET = 7.1;
				SDKROOT = iphoneos;
				VALIDATE_PRODUCT = YES;
			};
			name = Release;
		};
		17FD9330191F25DD00069367 /* Debug */ = {
			isa = XCBuildConfiguration;
			buildSettings = {
				ASSETCATALOG_COMPILER_APPICON_NAME = AppIcon;
				ASSETCATALOG_COMPILER_LAUNCHIMAGE_NAME = LaunchImage;
				GCC_PRECOMPILE_PREFIX_HEADER = YES;
				GCC_PREFIX_HEADER = "UITableViewController Challenge Solution/UITableViewController Challenge Solution-Prefix.pch";
				INFOPLIST_FILE = "UITableViewController Challenge Solution/UITableViewController Challenge Solution-Info.plist";
				PRODUCT_NAME = "$(TARGET_NAME)";
				WRAPPER_EXTENSION = app;
			};
			name = Debug;
		};
		17FD9331191F25DD00069367 /* Release */ = {
			isa = XCBuildConfiguration;
			buildSettings = {
				ASSETCATALOG_COMPILER_APPICON_NAME = AppIcon;
				ASSETCATALOG_COMPILER_LAUNCHIMAGE_NAME = LaunchImage;
				GCC_PRECOMPILE_PREFIX_HEADER = YES;
				GCC_PREFIX_HEADER = "UITableViewController Challenge Solution/UITableViewController Challenge Solution-Prefix.pch";
				INFOPLIST_FILE = "UITableViewController Challenge Solution/UITableViewController Challenge Solution-Info.plist";
				PRODUCT_NAME = "$(TARGET_NAME)";
				WRAPPER_EXTENSION = app;
			};
			name = Release;
		};
		17FD9333191F25DD00069367 /* Debug */ = {
			isa = XCBuildConfiguration;
			buildSettings = {
				BUNDLE_LOADER = "$(BUILT_PRODUCTS_DIR)/UITableViewController Challenge Solution.app/UITableViewController Challenge Solution";
				FRAMEWORK_SEARCH_PATHS = (
					"$(SDKROOT)/Developer/Library/Frameworks",
					"$(inherited)",
					"$(DEVELOPER_FRAMEWORKS_DIR)",
				);
				GCC_PRECOMPILE_PREFIX_HEADER = YES;
				GCC_PREFIX_HEADER = "UITableViewController Challenge Solution/UITableViewController Challenge Solution-Prefix.pch";
				GCC_PREPROCESSOR_DEFINITIONS = (
					"DEBUG=1",
					"$(inherited)",
				);
				INFOPLIST_FILE = "UITableViewController Challenge SolutionTests/UITableViewController Challenge SolutionTests-Info.plist";
				PRODUCT_NAME = "$(TARGET_NAME)";
				TEST_HOST = "$(BUNDLE_LOADER)";
				WRAPPER_EXTENSION = xctest;
			};
			name = Debug;
		};
		17FD9334191F25DD00069367 /* Release */ = {
			isa = XCBuildConfiguration;
			buildSettings = {
				BUNDLE_LOADER = "$(BUILT_PRODUCTS_DIR)/UITableViewController Challenge Solution.app/UITableViewController Challenge Solution";
				FRAMEWORK_SEARCH_PATHS = (
					"$(SDKROOT)/Developer/Library/Frameworks",
					"$(inherited)",
					"$(DEVELOPER_FRAMEWORKS_DIR)",
				);
				GCC_PRECOMPILE_PREFIX_HEADER = YES;
				GCC_PREFIX_HEADER = "UITableViewController Challenge Solution/UITableViewController Challenge Solution-Prefix.pch";
				INFOPLIST_FILE = "UITableViewController Challenge SolutionTests/UITableViewController Challenge SolutionTests-Info.plist";
				PRODUCT_NAME = "$(TARGET_NAME)";
				TEST_HOST = "$(BUNDLE_LOADER)";
				WRAPPER_EXTENSION = xctest;
			};
			name = Release;
		};
/* End XCBuildConfiguration section */

/* Begin XCConfigurationList section */
		17FD92F8191F25DC00069367 /* Build configuration list for PBXProject "UITableViewController Challenge Solution" */ = {
			isa = XCConfigurationList;
			buildConfigurations = (
				17FD932D191F25DD00069367 /* Debug */,
				17FD932E191F25DD00069367 /* Release */,
			);
			defaultConfigurationIsVisible = 0;
			defaultConfigurationName = Release;
		};
		17FD932F191F25DD00069367 /* Build configuration list for PBXNativeTarget "UITableViewController Challenge Solution" */ = {
			isa = XCConfigurationList;
			buildConfigurations = (
				17FD9330191F25DD00069367 /* Debug */,
				17FD9331191F25DD00069367 /* Release */,
			);
			defaultConfigurationIsVisible = 0;
		};
		17FD9332191F25DD00069367 /* Build configuration list for PBXNativeTarget "UITableViewController Challenge SolutionTests" */ = {
			isa = XCConfigurationList;
			buildConfigurations = (
				17FD9333191F25DD00069367 /* Debug */,
				17FD9334191F25DD00069367 /* Release */,
			);
			defaultConfigurationIsVisible = 0;
		};
/* End XCConfigurationList section */
	};
	rootObject = 17FD92F5191F25DC00069367 /* Project object */;
}
